# THIS IS AN AUTOGENERATED FILE. DO NOT EDIT THIS FILE DIRECTLY.
# yarn lockfile v1


"@babel/runtime@^7.9.6":
  version "7.9.6"
  resolved "https://registry.npmjs.org/@babel/runtime/-/runtime-7.9.6.tgz#a9102eb5cadedf3f31d08a9ecf294af7827ea29f"
  integrity sha512-64AF1xY3OAkFHqOb9s4jpgk1Mm5vDZ4L3acHvAml+53nO1XbXLuDodsVpO4OIUsmemlUHMxNdYMNJmsvOwLrvQ==
  dependencies:
    regenerator-runtime "^0.13.4"

"@types/node@13.13.4":
  version "13.13.4"
  resolved "https://registry.npmjs.org/@types/node/-/node-13.13.4.tgz#1581d6c16e3d4803eb079c87d4ac893ee7501c2c"
  integrity sha512-x26ur3dSXgv5AwKS0lNfbjpCakGIduWU1DU91Zz58ONRWrIKGunmZBNv4P7N+e27sJkiGDsw/3fT4AtsqQBrBA==

"@types/yup@0.28.0":
  version "0.28.0"
  resolved "https://registry.npmjs.org/@types/yup/-/yup-0.28.0.tgz#bddd4c7bc3cb23109d87b77d4607f983a9595768"
  integrity sha512-M11FLKWuwvJo1HjL6oXXl7lXEjpvkW1vK+OA9qFQu1SGDY7Sh36FmvxFd2PoYkrUamKbluWQ+1ZMd+tbgQmwmg==

fn-name@~3.0.0:
  version "3.0.0"
  resolved "https://registry.npmjs.org/fn-name/-/fn-name-3.0.0.tgz#0596707f635929634d791f452309ab41558e3c5c"
  integrity sha512-eNMNr5exLoavuAMhIUVsOKF79SWd/zG104ef6sxBTSw+cZc6BXdQXDvYcGvp0VbxVVSp1XDUNoz7mg1xMtSznA==

lodash-es@^4.17.11:
  version "4.17.15"
  resolved "https://registry.npmjs.org/lodash-es/-/lodash-es-4.17.15.tgz#21bd96839354412f23d7a10340e5eac6ee455d78"
  integrity sha512-rlrc3yU3+JNOpZ9zj5pQtxnx2THmvRykwL4Xlxoa8I9lHBlVbbyPhgyPMioxVZ4NqyxaVVtaJnzsyOidQIhyyQ==

lodash@^4.17.15:
  version "4.17.21"
  resolved "https://registry.yarnpkg.com/lodash/-/lodash-4.17.21.tgz#679591c564c3bffaae8454cf0b3df370c3d6911c"
  integrity sha512-v2kDEe57lecTulaDIuNTPy3Ry4gLGJ6Z1O3vE1krgXZNrsQ+LFTGHVxVjcXPs17LhbZVGedAJv8XZ1tvj5FvSg==

property-expr@^2.0.2:
  version "2.0.2"
  resolved "https://registry.npmjs.org/property-expr/-/property-expr-2.0.2.tgz#fff2a43919135553a3bc2fdd94bdb841965b2330"
  integrity sha512-bc/5ggaYZxNkFKj374aLbEDqVADdYaLcFo8XBkishUWbaAdjlphaBFns9TvRA2pUseVL/wMFmui9X3IdNDU37g==

regenerator-runtime@^0.13.4:
  version "0.13.5"
  resolved "https://registry.npmjs.org/regenerator-runtime/-/regenerator-runtime-0.13.5.tgz#d878a1d094b4306d10b9096484b33ebd55e26697"
  integrity sha512-ZS5w8CpKFinUzOwW3c83oPeVXoNsrLsaCoLtJvAClH135j/R77RuymhiSErhm2lKcwSCIpmvIWSbDkIfAqKQlA==

synchronous-promise@^2.0.10:
  version "2.0.10"
  resolved "https://registry.npmjs.org/synchronous-promise/-/synchronous-promise-2.0.10.tgz#e64c6fd3afd25f423963353043f4a68ebd397fd8"
  integrity sha512-6PC+JRGmNjiG3kJ56ZMNWDPL8hjyghF5cMXIFOKg+NiwwEZZIvxTWd0pinWKyD227odg9ygF8xVhhz7gb8Uq7A==

toposort@^2.0.2:
  version "2.0.2"
  resolved "https://registry.npmjs.org/toposort/-/toposort-2.0.2.tgz#ae21768175d1559d48bef35420b2f4962f09c330"
  integrity sha1-riF2gXXRVZ1IvvNUILL0li8JwzA=

typescript@3.8.3:
  version "3.8.3"
  resolved "https://registry.npmjs.org/typescript/-/typescript-3.8.3.tgz#409eb8544ea0335711205869ec458ab109ee1061"
  integrity sha512-MYlEfn5VrLNsgudQTVJeNaQFUAI7DkhnOjdpAp4T+ku1TfQClewlbSuTVHiA+8skNBgaf02TL/kLOvig4y3G8w==

yup@0.28.5:
  version "0.28.5"
  resolved "https://registry.npmjs.org/yup/-/yup-0.28.5.tgz#85cabb4000d3623ef69be81551190692e631a8a5"
  integrity sha512-7JZcvpUGUxMKoaEtcoMEM8lCWRaueGNH/A3EhL/UWqfbFm3uloiI+x59Yq4nzhbbYWUTwAsCteaZOJ+VbqI1uw==
  dependencies:
    "@babel/runtime" "^7.9.6"
    fn-name "~3.0.0"
    lodash "^4.17.15"
    lodash-es "^4.17.11"
    property-expr "^2.0.2"
    synchronous-promise "^2.0.10"
    toposort "^2.0.2"
